# This file is automatically @generated by Cargo.
# It is not intended for manual editing.
version = 4

[[package]]
name = "compcol"
version = "0.6.11"
dependencies = [
 "minizlib",
]

[[package]]
name = "footprint"
version = "0.0.0"
dependencies = [
 "compcol",
]

[[package]]
name = "minizlib"
version = "0.1.1"
